github.com/mattn/go-sixel v0.0.9 h1:ncx/rVU35Ut7/6gpVk4deC4/Wp2js9fDKmFmWnzmGoY=
github.com/mattn/go-sixel v0.0.9/go.mod h1:mfichvavqIDFW14LGU24ux/UZ/wF0/hG+4pUWOWrQgM=
github.com/soniakeys/quant v1.0.0 h1:N1um9ktjbkZVcywBVAAYpZYSHxEfJGzshHCxx/DaI0Y=
github.com/soniakeys/quant v1.0.0/go.mod h1:HI1k023QuVbD4H8i9YdfZP2munIHU4QpjsImz6Y6zds=
